
Microsoft Visual Studio Solution File, Format Version 12.00
# Visual Studio Version 16
VisualStudioVersion = 16.0.30523.141
MinimumVisualStudioVersion = 10.0.40219.1
Project("{9A19103F-16F7-4668-BE54-9A1E7A4F7556}") = "MeetingCalculator", "MeetingCalculator\MeetingCalculator.csproj", "{90669F58-2726-4183-B2D9-E8DE7E931FBD}"
EndProject
Project("{9A19103F-16F7-4668-BE54-9A1E7A4F7556}") = "MeetingCalculatorTests", "MeetingCalculatorTests\MeetingCalculatorTests.csproj", "{008C5031-357F-47E1-8476-021D6CED023E}"
EndProject
Project("{FAE04EC0-301F-11D3-BF4B-00C04F79EFBC}") = "XUnitMeetingCalculatorTests", "XUnitMeetingCalculatorTests\XUnitMeetingCalculatorTests.csproj", "{0DA695A8-F682-4C7B-82AA-7F28A5E2CCDA}"
EndProject
Project("{FAE04EC0-301F-11D3-BF4B-00C04F79EFBC}") = "MSTestsMeetingCalculatorTests", "MSTestsMeetingCalculatorTests\MSTestsMeetingCalculatorTests.csproj", "{2C47C75E-AEC2-4857-B1A3-827F5A4A211A}"
EndProject
Global
	GlobalSection(SolutionConfigurationPlatforms) = preSolution
		Debug|Any CPU = Debug|Any CPU
		Release|Any CPU = Release|Any CPU
	EndGlobalSection
	GlobalSection(ProjectConfigurationPlatforms) = postSolution
		{90669F58-2726-4183-B2D9-E8DE7E931FBD}.Debug|Any CPU.ActiveCfg = Debug|Any CPU
		{90669F58-2726-4183-B2D9-E8DE7E931FBD}.Debug|Any CPU.Build.0 = Debug|Any CPU
		{90669F58-2726-4183-B2D9-E8DE7E931FBD}.Release|Any CPU.ActiveCfg = Release|Any CPU
		{90669F58-2726-4183-B2D9-E8DE7E931FBD}.Release|Any CPU.Build.0 = Release|Any CPU
		{008C5031-357F-47E1-8476-021D6CED023E}.Debug|Any CPU.ActiveCfg = Debug|Any CPU
		{008C5031-357F-47E1-8476-021D6CED023E}.Debug|Any CPU.Build.0 = Debug|Any CPU
		{008C5031-357F-47E1-8476-021D6CED023E}.Release|Any CPU.ActiveCfg = Release|Any CPU
		{008C5031-357F-47E1-8476-021D6CED023E}.Release|Any CPU.Build.0 = Release|Any CPU
		{0DA695A8-F682-4C7B-82AA-7F28A5E2CCDA}.Debug|Any CPU.ActiveCfg = Debug|Any CPU
		{0DA695A8-F682-4C7B-82AA-7F28A5E2CCDA}.Debug|Any CPU.Build.0 = Debug|Any CPU
		{0DA695A8-F682-4C7B-82AA-7F28A5E2CCDA}.Release|Any CPU.ActiveCfg = Release|Any CPU
		{0DA695A8-F682-4C7B-82AA-7F28A5E2CCDA}.Release|Any CPU.Build.0 = Release|Any CPU
		{2C47C75E-AEC2-4857-B1A3-827F5A4A211A}.Debug|Any CPU.ActiveCfg = Debug|Any CPU
		{2C47C75E-AEC2-4857-B1A3-827F5A4A211A}.Debug|Any CPU.Build.0 = Debug|Any CPU
		{2C47C75E-AEC2-4857-B1A3-827F5A4A211A}.Release|Any CPU.ActiveCfg = Release|Any CPU
		{2C47C75E-AEC2-4857-B1A3-827F5A4A211A}.Release|Any CPU.Build.0 = Release|Any CPU
	EndGlobalSection
	GlobalSection(SolutionProperties) = preSolution
		HideSolutionNode = FALSE
	EndGlobalSection
	GlobalSection(ExtensibilityGlobals) = postSolution
		SolutionGuid = {15A12A81-5AB1-4FD7-98DD-F9824906670D}
	EndGlobalSection
EndGlobal
